Microsoft Visual Studio Solution File, Format Version 11.00
# Visual Studio 2008

Project("{B9C17C98-CDBE-C043-E489-B6A54F0E5C07}") = "16T3 GAM111.1", "Assembly-CSharp.csproj", "{70E7C731-71F0-D8F1-5832-56D5F6F59F1C}"
EndProject
Global
	GlobalSection(SolutionConfigurationPlatforms) = preSolution
		Debug|Any CPU = Debug|Any CPU
		Release|Any CPU = Release|Any CPU
	EndGlobalSection
	GlobalSection(ProjectConfigurationPlatforms) = postSolution
		{70E7C731-71F0-D8F1-5832-56D5F6F59F1C}.Debug|Any CPU.ActiveCfg = Debug|Any CPU
		{70E7C731-71F0-D8F1-5832-56D5F6F59F1C}.Debug|Any CPU.Build.0 = Debug|Any CPU
		{70E7C731-71F0-D8F1-5832-56D5F6F59F1C}.Release|Any CPU.ActiveCfg = Release|Any CPU
		{70E7C731-71F0-D8F1-5832-56D5F6F59F1C}.Release|Any CPU.Build.0 = Release|Any CPU
	EndGlobalSection
	GlobalSection(SolutionProperties) = preSolution
		HideSolutionNode = FALSE
	EndGlobalSection
	GlobalSection(MonoDevelopProperties) = preSolution
		StartupItem = Assembly-CSharp.csproj
	EndGlobalSection
EndGlobal
